
Microsoft Visual Studio Solution File, Format Version 12.00
# Visual Studio Version 17
VisualStudioVersion = 17.4.33205.214
MinimumVisualStudioVersion = 10.0.40219.1
Project("{FAE04EC0-301F-11D3-BF4B-00C04F79EFBC}") = "CartApi", "WebApplication1\CartApi.csproj", "{BDA8ED8D-31FB-49E6-8052-E0F2FB928273}"
EndProject
Global
	GlobalSection(SolutionConfigurationPlatforms) = preSolution
		Debug|Any CPU = Debug|Any CPU
		Release|Any CPU = Release|Any CPU
	EndGlobalSection
	GlobalSection(ProjectConfigurationPlatforms) = postSolution
		{BDA8ED8D-31FB-49E6-8052-E0F2FB928273}.Debug|Any CPU.ActiveCfg = Debug|Any CPU
		{BDA8ED8D-31FB-49E6-8052-E0F2FB928273}.Debug|Any CPU.Build.0 = Debug|Any CPU
		{BDA8ED8D-31FB-49E6-8052-E0F2FB928273}.Release|Any CPU.ActiveCfg = Release|Any CPU
		{BDA8ED8D-31FB-49E6-8052-E0F2FB928273}.Release|Any CPU.Build.0 = Release|Any CPU
	EndGlobalSection
	GlobalSection(SolutionProperties) = preSolution
		HideSolutionNode = FALSE
	EndGlobalSection
	GlobalSection(ExtensibilityGlobals) = postSolution
		SolutionGuid = {A7DEDE4D-C627-4E10-8AE9-D488C3CAEC00}
	EndGlobalSection
EndGlobal
